
Microsoft Visual Studio Solution File, Format Version 12.00
# Visual Studio Version 16
VisualStudioVersion = 25.0.1705.2
MinimumVisualStudioVersion = 10.0.40219.1
Project("{FAE04EC0-301F-11D3-BF4B-00C04F79EFBC}") = "cila.Omnichain", "cila.Omnichain\cila.Omnichain.csproj", "{34EC0099-A220-4111-ADD6-71C4180B43D3}"
EndProject
Global
	GlobalSection(SolutionConfigurationPlatforms) = preSolution
		Debug|Any CPU = Debug|Any CPU
		Release|Any CPU = Release|Any CPU
	EndGlobalSection
	GlobalSection(ProjectConfigurationPlatforms) = postSolution
		{34EC0099-A220-4111-ADD6-71C4180B43D3}.Debug|Any CPU.ActiveCfg = Debug|Any CPU
		{34EC0099-A220-4111-ADD6-71C4180B43D3}.Debug|Any CPU.Build.0 = Debug|Any CPU
		{34EC0099-A220-4111-ADD6-71C4180B43D3}.Release|Any CPU.ActiveCfg = Release|Any CPU
		{34EC0099-A220-4111-ADD6-71C4180B43D3}.Release|Any CPU.Build.0 = Release|Any CPU
	EndGlobalSection
	GlobalSection(SolutionProperties) = preSolution
		HideSolutionNode = FALSE
	EndGlobalSection
	GlobalSection(ExtensibilityGlobals) = postSolution
		SolutionGuid = {679CB96D-841B-4439-A7EB-2F0C2D67F360}
	EndGlobalSection
EndGlobal
